
Microsoft Visual Studio Solution File, Format Version 12.00
# Visual Studio Version 17
VisualStudioVersion = 17.7.34221.43
MinimumVisualStudioVersion = 10.0.40219.1
Project("{FAE04EC0-301F-11D3-BF4B-00C04F79EFBC}") = "xchallenge.api", "xchallenge.api.csproj", "{44E16DD0-A34B-4FF2-8793-F6D190827FD9}"
EndProject
Global
	GlobalSection(SolutionConfigurationPlatforms) = preSolution
		Debug|Any CPU = Debug|Any CPU
		Release|Any CPU = Release|Any CPU
	EndGlobalSection
	GlobalSection(ProjectConfigurationPlatforms) = postSolution
		{44E16DD0-A34B-4FF2-8793-F6D190827FD9}.Debug|Any CPU.ActiveCfg = Debug|Any CPU
		{44E16DD0-A34B-4FF2-8793-F6D190827FD9}.Debug|Any CPU.Build.0 = Debug|Any CPU
		{44E16DD0-A34B-4FF2-8793-F6D190827FD9}.Release|Any CPU.ActiveCfg = Release|Any CPU
		{44E16DD0-A34B-4FF2-8793-F6D190827FD9}.Release|Any CPU.Build.0 = Release|Any CPU
	EndGlobalSection
	GlobalSection(SolutionProperties) = preSolution
		HideSolutionNode = FALSE
	EndGlobalSection
	GlobalSection(ExtensibilityGlobals) = postSolution
		SolutionGuid = {09C50BFF-3FBF-47FF-B58E-78E065FFF48D}
	EndGlobalSection
EndGlobal
